{
  "requires": true,
  "lockfileVersion": 1,
  "dependencies": {
    "popper.js": {
      "version": "1.16.0",
      "resolved": "https://registry.npmjs.org/popper.js/-/popper.js-1.16.0.tgz",
      "integrity": "sha512-+G+EkOPoE5S/zChTpmBSSDYmhXJ5PsW8eMhH8cP/CQHMFPBG/kC9Y5IIw6qNYgdJ+/COf0ddY2li28iHaZRSjw=="
    },
    "react-tippy": {
      "version": "1.3.1",
      "resolved": "https://registry.npmjs.org/react-tippy/-/react-tippy-1.3.1.tgz",
      "integrity": "sha512-WdpdqmZpu7U9vd3MKFQL2GynQBY2HW7AKrzSY9yVDcd2CA/R29e32y9BklMJjg8EcyD+i0SBzW6XSmeC5Mz6Jw==",
      "requires": {
        "popper.js": "^1.11.1"
      }
    }
  }
}
